
Microsoft Visual Studio Solution File, Format Version 12.00
# Visual Studio Version 16
VisualStudioVersion = 16.0.29920.165
MinimumVisualStudioVersion = 10.0.40219.1
Project("{FAE04EC0-301F-11D3-BF4B-00C04F79EFBC}") = "Prvi", "Prvi.csproj", "{C73451CB-E917-415E-9F4E-4B291B46F850}"
EndProject
Project("{FAE04EC0-301F-11D3-BF4B-00C04F79EFBC}") = "Drugi", "..\Drugi\Drugi.csproj", "{B5612EA9-395B-4F82-8C25-9BC9A71352DC}"
EndProject
Project("{FAE04EC0-301F-11D3-BF4B-00C04F79EFBC}") = "Treci_Cetvrti", "..\Treci_Cetvrti\Treci_Cetvrti.csproj", "{F3DF9947-D399-4949-BCB2-1172DE23C772}"
EndProject
Global
	GlobalSection(SolutionConfigurationPlatforms) = preSolution
		Debug|Any CPU = Debug|Any CPU
		Release|Any CPU = Release|Any CPU
	EndGlobalSection
	GlobalSection(ProjectConfigurationPlatforms) = postSolution
		{C73451CB-E917-415E-9F4E-4B291B46F850}.Debug|Any CPU.ActiveCfg = Debug|Any CPU
		{C73451CB-E917-415E-9F4E-4B291B46F850}.Debug|Any CPU.Build.0 = Debug|Any CPU
		{C73451CB-E917-415E-9F4E-4B291B46F850}.Release|Any CPU.ActiveCfg = Release|Any CPU
		{C73451CB-E917-415E-9F4E-4B291B46F850}.Release|Any CPU.Build.0 = Release|Any CPU
		{B5612EA9-395B-4F82-8C25-9BC9A71352DC}.Debug|Any CPU.ActiveCfg = Debug|Any CPU
		{B5612EA9-395B-4F82-8C25-9BC9A71352DC}.Debug|Any CPU.Build.0 = Debug|Any CPU
		{B5612EA9-395B-4F82-8C25-9BC9A71352DC}.Release|Any CPU.ActiveCfg = Release|Any CPU
		{B5612EA9-395B-4F82-8C25-9BC9A71352DC}.Release|Any CPU.Build.0 = Release|Any CPU
		{F3DF9947-D399-4949-BCB2-1172DE23C772}.Debug|Any CPU.ActiveCfg = Debug|Any CPU
		{F3DF9947-D399-4949-BCB2-1172DE23C772}.Debug|Any CPU.Build.0 = Debug|Any CPU
		{F3DF9947-D399-4949-BCB2-1172DE23C772}.Release|Any CPU.ActiveCfg = Release|Any CPU
		{F3DF9947-D399-4949-BCB2-1172DE23C772}.Release|Any CPU.Build.0 = Release|Any CPU
	EndGlobalSection
	GlobalSection(SolutionProperties) = preSolution
		HideSolutionNode = FALSE
	EndGlobalSection
	GlobalSection(ExtensibilityGlobals) = postSolution
		SolutionGuid = {860E5E6C-4DB4-4527-AC94-B1745E288039}
	EndGlobalSection
EndGlobal
